
Microsoft Visual Studio Solution File, Format Version 12.00
# Visual Studio Version 16
VisualStudioVersion = 16.0.31624.102
MinimumVisualStudioVersion = 10.0.40219.1
Project("{8BC9CEB8-8B4A-11D0-8D11-00A0C91BC942}") = "lab 5.2", "lab 5.2\lab 5.2.vcxproj", "{9148C81E-B00D-4DD1-A426-4AEFC9A4CC93}"
EndProject
Project("{8BC9CEB8-8B4A-11D0-8D11-00A0C91BC942}") = "UnitTestlab-5.2", "UnitTestlab-5.2\UnitTestlab-5.2.vcxproj", "{93E08A6C-FEE9-42AE-8FD7-843327B67A01}"
EndProject
Global
	GlobalSection(SolutionConfigurationPlatforms) = preSolution
		Debug|x64 = Debug|x64
		Debug|x86 = Debug|x86
		Release|x64 = Release|x64
		Release|x86 = Release|x86
	EndGlobalSection
	GlobalSection(ProjectConfigurationPlatforms) = postSolution
		{9148C81E-B00D-4DD1-A426-4AEFC9A4CC93}.Debug|x64.ActiveCfg = Debug|x64
		{9148C81E-B00D-4DD1-A426-4AEFC9A4CC93}.Debug|x64.Build.0 = Debug|x64
		{9148C81E-B00D-4DD1-A426-4AEFC9A4CC93}.Debug|x86.ActiveCfg = Debug|Win32
		{9148C81E-B00D-4DD1-A426-4AEFC9A4CC93}.Debug|x86.Build.0 = Debug|Win32
		{9148C81E-B00D-4DD1-A426-4AEFC9A4CC93}.Release|x64.ActiveCfg = Release|x64
		{9148C81E-B00D-4DD1-A426-4AEFC9A4CC93}.Release|x64.Build.0 = Release|x64
		{9148C81E-B00D-4DD1-A426-4AEFC9A4CC93}.Release|x86.ActiveCfg = Release|Win32
		{9148C81E-B00D-4DD1-A426-4AEFC9A4CC93}.Release|x86.Build.0 = Release|Win32
		{93E08A6C-FEE9-42AE-8FD7-843327B67A01}.Debug|x64.ActiveCfg = Debug|x64
		{93E08A6C-FEE9-42AE-8FD7-843327B67A01}.Debug|x64.Build.0 = Debug|x64
		{93E08A6C-FEE9-42AE-8FD7-843327B67A01}.Debug|x86.ActiveCfg = Debug|Win32
		{93E08A6C-FEE9-42AE-8FD7-843327B67A01}.Debug|x86.Build.0 = Debug|Win32
		{93E08A6C-FEE9-42AE-8FD7-843327B67A01}.Release|x64.ActiveCfg = Release|x64
		{93E08A6C-FEE9-42AE-8FD7-843327B67A01}.Release|x64.Build.0 = Release|x64
		{93E08A6C-FEE9-42AE-8FD7-843327B67A01}.Release|x86.ActiveCfg = Release|Win32
		{93E08A6C-FEE9-42AE-8FD7-843327B67A01}.Release|x86.Build.0 = Release|Win32
	EndGlobalSection
	GlobalSection(SolutionProperties) = preSolution
		HideSolutionNode = FALSE
	EndGlobalSection
	GlobalSection(ExtensibilityGlobals) = postSolution
		SolutionGuid = {32CAF3F6-53B2-40B4-B522-C18F6D8FFCEE}
	EndGlobalSection
EndGlobal
